// !$*UTF8*$!
{
	archiveVersion = 1;
	classes = {
	};
	objectVersion = 50;
	objects = {

/* Begin PBXBuildFile section */
		7E32148E23D59C0200055912 /* AnimatingTabBarController.swift in Sources */ = {isa = PBXBuildFile; fileRef = 7E32148D23D59C0200055912 /* AnimatingTabBarController.swift */; };
		7EBB03CB23D59A840054EF6C /* AppDelegate.swift in Sources */ = {isa = PBXBuildFile; fileRef = 7EBB03CA23D59A840054EF6C /* AppDelegate.swift */; };
		7EBB03CD23D59A840054EF6C /* SceneDelegate.swift in Sources */ = {isa = PBXBuildFile; fileRef = 7EBB03CC23D59A840054EF6C /* SceneDelegate.swift */; };
		7EBB03D223D59A840054EF6C /* Main.storyboard in Resources */ = {isa = PBXBuildFile; fileRef = 7EBB03D023D59A840054EF6C /* Main.storyboard */; };
		7EBB03D423D59A860054EF6C /* Assets.xcassets in Resources */ = {isa = PBXBuildFile; fileRef = 7EBB03D323D59A860054EF6C /* Assets.xcassets */; };
		7EBB03D723D59A860054EF6C /* LaunchScreen.storyboard in Resources */ = {isa = PBXBuildFile; fileRef = 7EBB03D523D59A860054EF6C /* LaunchScreen.storyboard */; };
/* End PBXBuildFile section */

/* Begin PBXFileReference section */
		7E32148D23D59C0200055912 /* AnimatingTabBarController.swift */ = {isa = PBXFileReference; lastKnownFileType = sourcecode.swift; path = AnimatingTabBarController.swift; sourceTree = "<group>"; };
		7EBB03C723D59A840054EF6C /* TabBarItemAnimation.app */ = {isa = PBXFileReference; explicitFileType = wrapper.application; includeInIndex = 0; path = TabBarItemAnimation.app; sourceTree = BUILT_PRODUCTS_DIR; };
		7EBB03CA23D59A840054EF6C /* AppDelegate.swift */ = {isa = PBXFileReference; lastKnownFileType = sourcecode.swift; path = AppDelegate.swift; sourceTree = "<group>"; };
		7EBB03CC23D59A840054EF6C /* SceneDelegate.swift */ = {isa = PBXFileReference; lastKnownFileType = sourcecode.swift; path = SceneDelegate.swift; sourceTree = "<group>"; };
		7EBB03D123D59A840054EF6C /* Base */ = {isa = PBXFileReference; lastKnownFileType = file.storyboard; name = Base; path = Base.lproj/Main.storyboard; sourceTree = "<group>"; };
		7EBB03D323D59A860054EF6C /* Assets.xcassets */ = {isa = PBXFileReference; lastKnownFileType = folder.assetcatalog; path = Assets.xcassets; sourceTree = "<group>"; };
		7EBB03D623D59A860054EF6C /* Base */ = {isa = PBXFileReference; lastKnownFileType = file.storyboard; name = Base; path = Base.lproj/LaunchScreen.storyboard; sourceTree = "<group>"; };
		7EBB03D823D59A860054EF6C /* Info.plist */ = {isa = PBXFileReference; lastKnownFileType = text.plist.xml; path = Info.plist; sourceTree = "<group>"; };
/* End PBXFileReference section */

/* Begin PBXFrameworksBuildPhase section */
		7EBB03C423D59A840054EF6C /* Frameworks */ = {
			isa = PBXFrameworksBuildPhase;
			buildActionMask = 2147483647;
			files = (
			);
			runOnlyForDeploymentPostprocessing = 0;
		};
/* End PBXFrameworksBuildPhase section */

/* Begin PBXGroup section */
		7EBB03BE23D59A840054EF6C = {
			isa = PBXGroup;
			children = (
				7EBB03C923D59A840054EF6C /* TabBarItemAnimation */,
				7EBB03C823D59A840054EF6C /* Products */,
			);
			sourceTree = "<group>";
		};
		7EBB03C823D59A840054EF6C /* Products */ = {
			isa = PBXGroup;
			children = (
				7EBB03C723D59A840054EF6C /* TabBarItemAnimation.app */,
			);
			name = Products;
			sourceTree = "<group>";
		};
		7EBB03C923D59A840054EF6C /* TabBarItemAnimation */ = {
			isa = PBXGroup;
			children = (
				7EBB03CA23D59A840054EF6C /* AppDelegate.swift */,
				7EBB03CC23D59A840054EF6C /* SceneDelegate.swift */,
				7E32148D23D59C0200055912 /* AnimatingTabBarController.swift */,
				7EBB03D023D59A840054EF6C /* Main.storyboard */,
				7EBB03D323D59A860054EF6C /* Assets.xcassets */,
				7EBB03D523D59A860054EF6C /* LaunchScreen.storyboard */,
				7EBB03D823D59A860054EF6C /* Info.plist */,
			);
			path = TabBarItemAnimation;
			sourceTree = "<group>";
		};
/* End PBXGroup section */

/* Begin PBXNativeTarget section */
		7EBB03C623D59A840054EF6C /* TabBarItemAnimation */ = {
			isa = PBXNativeTarget;
			buildConfigurationList = 7EBB03DB23D59A860054EF6C /* Build configuration list for PBXNativeTarget "TabBarItemAnimation" */;
			buildPhases = (
				7EBB03C323D59A840054EF6C /* Sources */,
				7EBB03C423D59A840054EF6C /* Frameworks */,
				7EBB03C523D59A840054EF6C /* Resources */,
			);
			buildRules = (
			);
			dependencies = (
			);
			name = TabBarItemAnimation;
			productName = TabBarItemAnimation;
			productReference = 7EBB03C723D59A840054EF6C /* TabBarItemAnimation.app */;
			productType = "com.apple.product-type.application";
		};
/* End PBXNativeTarget section */

/* Begin PBXProject section */
		7EBB03BF23D59A840054EF6C /* Project object */ = {
			isa = PBXProject;
			attributes = {
				LastSwiftUpdateCheck = 1110;
				LastUpgradeCheck = 1110;
				ORGANIZATIONNAME = gaussbeam;
				TargetAttributes = {
					7EBB03C623D59A840054EF6C = {
						CreatedOnToolsVersion = 11.1;
					};
				};
			};
			buildConfigurationList = 7EBB03C223D59A840054EF6C /* Build configuration list for PBXProject "TabBarItemAnimation" */;
			compatibilityVersion = "Xcode 9.3";
			developmentRegion = en;
			hasScannedForEncodings = 0;
			knownRegions = (
				en,
				Base,
			);
			mainGroup = 7EBB03BE23D59A840054EF6C;
			productRefGroup = 7EBB03C823D59A840054EF6C /* Products */;
			projectDirPath = "";
			projectRoot = "";
			targets = (
				7EBB03C623D59A840054EF6C /* TabBarItemAnimation */,
			);
		};
/* End PBXProject section */

/* Begin PBXResourcesBuildPhase section */
		7EBB03C523D59A840054EF6C /* Resources */ = {
			isa = PBXResourcesBuildPhase;
			buildActionMask = 2147483647;
			files = (
				7EBB03D723D59A860054EF6C /* LaunchScreen.storyboard in Resources */,
				7EBB03D423D59A860054EF6C /* Assets.xcassets in Resources */,
				7EBB03D223D59A840054EF6C /* Main.storyboard in Resources */,
			);
			runOnlyForDeploymentPostprocessing = 0;
		};
/* End PBXResourcesBuildPhase section */

/* Begin PBXSourcesBuildPhase section */
		7EBB03C323D59A840054EF6C /* Sources */ = {
			isa = PBXSourcesBuildPhase;
			buildActionMask = 2147483647;
			files = (
				7EBB03CB23D59A840054EF6C /* AppDelegate.swift in Sources */,
				7E32148E23D59C0200055912 /* AnimatingTabBarController.swift in Sources */,
				7EBB03CD23D59A840054EF6C /* SceneDelegate.swift in Sources */,
			);
			runOnlyForDeploymentPostprocessing = 0;
		};
/* End PBXSourcesBuildPhase section */

/* Begin PBXVariantGroup section */
		7EBB03D023D59A840054EF6C /* Main.storyboard */ = {
			isa = PBXVariantGroup;
			children = (
				7EBB03D123D59A840054EF6C /* Base */,
			);
			name = Main.storyboard;
			sourceTree = "<group>";
		};
		7EBB03D523D59A860054EF6C /* LaunchScreen.storyboard */ = {
			isa = PBXVariantGroup;
			children = (
				7EBB03D623D59A860054EF6C /* Base */,
			);
			name = LaunchScreen.storyboard;
			sourceTree = "<group>";
		};
/* End PBXVariantGroup section */

/* Begin XCBuildConfiguration section */
		7EBB03D923D59A860054EF6C /* Debug */ = {
			isa = XCBuildConfiguration;
			buildSettings = {
				ALWAYS_SEARCH_USER_PATHS = NO;
				CLANG_ANALYZER_NONNULL = YES;
				CLANG_ANALYZER_NUMBER_OBJECT_CONVERSION = YES_AGGRESSIVE;
				CLANG_CXX_LANGUAGE_STANDARD = "gnu++14";
				CLANG_CXX_LIBRARY = "libc++";
				CLANG_ENABLE_MODULES = YES;
				CLANG_ENABLE_OBJC_ARC = YES;
				CLANG_ENABLE_OBJC_WEAK = YES;
				CLANG_WARN_BLOCK_CAPTURE_AUTORELEASING = YES;
				CLANG_WARN_BOOL_CONVERSION = YES;
				CLANG_WARN_COMMA = YES;
				CLANG_WARN_CONSTANT_CONVERSION = YES;
				CLANG_WARN_DEPRECATED_OBJC_IMPLEMENTATIONS = YES;
				CLANG_WARN_DIRECT_OBJC_ISA_USAGE = YES_ERROR;
				CLANG_WARN_DOCUMENTATION_COMMENTS = YES;
				CLANG_WARN_EMPTY_BODY = YES;
				CLANG_WARN_ENUM_CONVERSION = YES;
				CLANG_WARN_INFINITE_RECURSION = YES;
				CLANG_WARN_INT_CONVERSION = YES;
				CLANG_WARN_NON_LITERAL_NULL_CONVERSION = YES;
				CLANG_WARN_OBJC_IMPLICIT_RETAIN_SELF = YES;
				CLANG_WARN_OBJC_LITERAL_CONVERSION = YES;
				CLANG_WARN_OBJC_ROOT_CLASS = YES_ERROR;
				CLANG_WARN_RANGE_LOOP_ANALYSIS = YES;
				CLANG_WARN_STRICT_PROTOTYPES = YES;
				CLANG_WARN_SUSPICIOUS_MOVE = YES;
				CLANG_WARN_UNGUARDED_AVAILABILITY = YES_AGGRESSIVE;
				CLANG_WARN_UNREACHABLE_CODE = YES;
				CLANG_WARN__DUPLICATE_METHOD_MATCH = YES;
				COPY_PHASE_STRIP = NO;
				DEBUG_INFORMATION_FORMAT = dwarf;
				ENABLE_STRICT_OBJC_MSGSEND = YES;
				ENABLE_TESTABILITY = YES;
				GCC_C_LANGUAGE_STANDARD = gnu11;
				GCC_DYNAMIC_NO_PIC = NO;
				GCC_NO_COMMON_BLOCKS = YES;
				GCC_OPTIMIZATION_LEVEL = 0;
				GCC_PREPROCESSOR_DEFINITIONS = (
					"DEBUG=1",
					"$(inherited)",
				);
				GCC_WARN_64_TO_32_BIT_CONVERSION = YES;
				GCC_WARN_ABOUT_RETURN_TYPE = YES_ERROR;
				GCC_WARN_UNDECLARED_SELECTOR = YES;
				GCC_WARN_UNINITIALIZED_AUTOS = YES_AGGRESSIVE;
				GCC_WARN_UNUSED_FUNCTION = YES;
				GCC_WARN_UNUSED_VARIABLE = YES;
				IPHONEOS_DEPLOYMENT_TARGET = 13.1;
				MTL_ENABLE_DEBUG_INFO = INCLUDE_SOURCE;
				MTL_FAST_MATH = YES;
				ONLY_ACTIVE_ARCH = YES;
				SDKROOT = iphoneos;
				SWIFT_ACTIVE_COMPILATION_CONDITIONS = DEBUG;
				SWIFT_OPTIMIZATION_LEVEL = "-Onone";
			};
			name = Debug;
		};
		7EBB03DA23D59A860054EF6C /* Release */ = {
			isa = XCBuildConfiguration;
			buildSettings = {
				ALWAYS_SEARCH_USER_PATHS = NO;
				CLANG_ANALYZER_NONNULL = YES;
				CLANG_ANALYZER_NUMBER_OBJECT_CONVERSION = YES_AGGRESSIVE;
				CLANG_CXX_LANGUAGE_STANDARD = "gnu++14";
				CLANG_CXX_LIBRARY = "libc++";
				CLANG_ENABLE_MODULES = YES;
				CLANG_ENABLE_OBJC_ARC = YES;
				CLANG_ENABLE_OBJC_WEAK = YES;
				CLANG_WARN_BLOCK_CAPTURE_AUTORELEASING = YES;
				CLANG_WARN_BOOL_CONVERSION = YES;
				CLANG_WARN_COMMA = YES;
				CLANG_WARN_CONSTANT_CONVERSION = YES;
				CLANG_WARN_DEPRECATED_OBJC_IMPLEMENTATIONS = YES;
				CLANG_WARN_DIRECT_OBJC_ISA_USAGE = YES_ERROR;
				CLANG_WARN_DOCUMENTATION_COMMENTS = YES;
				CLANG_WARN_EMPTY_BODY = YES;
				CLANG_WARN_ENUM_CONVERSION = YES;
				CLANG_WARN_INFINITE_RECURSION = YES;
				CLANG_WARN_INT_CONVERSION = YES;
				CLANG_WARN_NON_LITERAL_NULL_CONVERSION = YES;
				CLANG_WARN_OBJC_IMPLICIT_RETAIN_SELF = YES;
				CLANG_WARN_OBJC_LITERAL_CONVERSION = YES;
				CLANG_WARN_OBJC_ROOT_CLASS = YES_ERROR;
				CLANG_WARN_RANGE_LOOP_ANALYSIS = YES;
				CLANG_WARN_STRICT_PROTOTYPES = YES;
				CLANG_WARN_SUSPICIOUS_MOVE = YES;
				CLANG_WARN_UNGUARDED_AVAILABILITY = YES_AGGRESSIVE;
				CLANG_WARN_UNREACHABLE_CODE = YES;
				CLANG_WARN__DUPLICATE_METHOD_MATCH = YES;
				COPY_PHASE_STRIP = NO;
				DEBUG_INFORMATION_FORMAT = "dwarf-with-dsym";
				ENABLE_NS_ASSERTIONS = NO;
				ENABLE_STRICT_OBJC_MSGSEND = YES;
				GCC_C_LANGUAGE_STANDARD = gnu11;
				GCC_NO_COMMON_BLOCKS = YES;
				GCC_WARN_64_TO_32_BIT_CONVERSION = YES;
				GCC_WARN_ABOUT_RETURN_TYPE = YES_ERROR;
				GCC_WARN_UNDECLARED_SELECTOR = YES;
				GCC_WARN_UNINITIALIZED_AUTOS = YES_AGGRESSIVE;
				GCC_WARN_UNUSED_FUNCTION = YES;
				GCC_WARN_UNUSED_VARIABLE = YES;
				IPHONEOS_DEPLOYMENT_TARGET = 13.1;
				MTL_ENABLE_DEBUG_INFO = NO;
				MTL_FAST_MATH = YES;
				SDKROOT = iphoneos;
				SWIFT_COMPILATION_MODE = wholemodule;
				SWIFT_OPTIMIZATION_LEVEL = "-O";
				VALIDATE_PRODUCT = YES;
			};
			name = Release;
		};
		7EBB03DC23D59A860054EF6C /* Debug */ = {
			isa = XCBuildConfiguration;
			buildSettings = {
				ASSETCATALOG_COMPILER_APPICON_NAME = AppIcon;
				CODE_SIGN_STYLE = Automatic;
				INFOPLIST_FILE = TabBarItemAnimation/Info.plist;
				LD_RUNPATH_SEARCH_PATHS = (
					"$(inherited)",
					"@executable_path/Frameworks",
				);
				PRODUCT_BUNDLE_IDENTIFIER = com.example.TabBarItemAnimation;
				PRODUCT_NAME = "$(TARGET_NAME)";
				SWIFT_VERSION = 5.0;
				TARGETED_DEVICE_FAMILY = "1,2";
			};
			name = Debug;
		};
		7EBB03DD23D59A860054EF6C /* Release */ = {
			isa = XCBuildConfiguration;
			buildSettings = {
				ASSETCATALOG_COMPILER_APPICON_NAME = AppIcon;
				CODE_SIGN_STYLE = Automatic;
				INFOPLIST_FILE = TabBarItemAnimation/Info.plist;
				LD_RUNPATH_SEARCH_PATHS = (
					"$(inherited)",
					"@executable_path/Frameworks",
				);
				PRODUCT_BUNDLE_IDENTIFIER = com.example.TabBarItemAnimation;
				PRODUCT_NAME = "$(TARGET_NAME)";
				SWIFT_VERSION = 5.0;
				TARGETED_DEVICE_FAMILY = "1,2";
			};
			name = Release;
		};
/* End XCBuildConfiguration section */

/* Begin XCConfigurationList section */
		7EBB03C223D59A840054EF6C /* Build configuration list for PBXProject "TabBarItemAnimation" */ = {
			isa = XCConfigurationList;
			buildConfigurations = (
				7EBB03D923D59A860054EF6C /* Debug */,
				7EBB03DA23D59A860054EF6C /* Release */,
			);
			defaultConfigurationIsVisible = 0;
			defaultConfigurationName = Release;
		};
		7EBB03DB23D59A860054EF6C /* Build configuration list for PBXNativeTarget "TabBarItemAnimation" */ = {
			isa = XCConfigurationList;
			buildConfigurations = (
				7EBB03DC23D59A860054EF6C /* Debug */,
				7EBB03DD23D59A860054EF6C /* Release */,
			);
			defaultConfigurationIsVisible = 0;
			defaultConfigurationName = Release;
		};
/* End XCConfigurationList section */
	};
	rootObject = 7EBB03BF23D59A840054EF6C /* Project object */;
}
